
Microsoft Visual Studio Solution File, Format Version 12.00
# Visual Studio Version 17
VisualStudioVersion = 17.0.31903.59
MinimumVisualStudioVersion = 10.0.40219.1
Project("{2150E333-8FDC-42A3-9474-1A3956D46DE8}") = "src", "src", "{0D25E81D-AD2F-4AF1-813B-D40C51213E29}"
EndProject
Project("{2150E333-8FDC-42A3-9474-1A3956D46DE8}") = "hosts", "hosts", "{6746EFD2-1455-45F8-A61B-1A067B0624ED}"
EndProject
Project("{2150E333-8FDC-42A3-9474-1A3956D46DE8}") = "modules", "modules", "{230288F2-67EF-45E1-8EAA-3B8443AA0347}"
EndProject
Project("{2150E333-8FDC-42A3-9474-1A3956D46DE8}") = "apps", "apps", "{137D9DC5-9E4F-4B1B-8278-FB8684E9A44D}"
EndProject
Project("{2150E333-8FDC-42A3-9474-1A3956D46DE8}") = "_common", "_common", "{411B3148-7946-43B9-ACE4-B90448F08332}"
EndProject
Project("{2150E333-8FDC-42A3-9474-1A3956D46DE8}") = "catalog", "catalog", "{C6B683A1-FDFE-4EB2-82AD-61034AB386E2}"
EndProject
Project("{FAE04EC0-301F-11D3-BF4B-00C04F79EFBC}") = "APIGateway", "src\hosts\api-gateway\APIGateway.csproj", "{C2BE0482-3632-48C3-9BFB-F0E1E4E5C9F9}"
EndProject
Project("{FAE04EC0-301F-11D3-BF4B-00C04F79EFBC}") = "Catalog.SDK", "src\modules\catalog\Catalog.SDK\Catalog.SDK.csproj", "{A95C3813-F514-45D8-9A12-CEECE9B419E8}"
EndProject
Project("{FAE04EC0-301F-11D3-BF4B-00C04F79EFBC}") = "Catalog.Application", "src\modules\catalog\Catalog.Application\Catalog.Application.csproj", "{29854FBC-2A54-47A6-B513-56A5D069554E}"
EndProject
Project("{FAE04EC0-301F-11D3-BF4B-00C04F79EFBC}") = "Catalog.Domain", "src\modules\catalog\Catalog.Domain\Catalog.Domain.csproj", "{B1707C59-CCA9-4624-A72D-AE8D5E426886}"
EndProject
Project("{FAE04EC0-301F-11D3-BF4B-00C04F79EFBC}") = "Catalog.Infrastructure", "src\modules\catalog\Catalog.Infrastructure\Catalog.Infrastructure.csproj", "{FDD494C0-D5EF-4BF8-8CCC-864DDFB43227}"
EndProject
Project("{FAE04EC0-301F-11D3-BF4B-00C04F79EFBC}") = "Catalog.gRPC", "src\modules\catalog\Catalog.gRPC\Catalog.gRPC.csproj", "{846DFB0C-3A14-48E5-88B4-45AE21C75A03}"
EndProject
Project("{FAE04EC0-301F-11D3-BF4B-00C04F79EFBC}") = "Common.Core", "src\modules\_common\Common.Core\Common.Core.csproj", "{32D9C19D-1964-4C52-BB58-33D1B38AB98A}"
EndProject
Project("{FAE04EC0-301F-11D3-BF4B-00C04F79EFBC}") = "Common.Infrastructure", "src\modules\_common\Common.Infrastructure\Common.Infrastructure.csproj", "{4BB7B60B-4176-4D47-9EAF-B9A51372C5EB}"
EndProject
Project("{FAE04EC0-301F-11D3-BF4B-00C04F79EFBC}") = "Common.Persistence.SQL", "src\modules\_common\Common.Persistence.SQL\Common.Persistence.SQL.csproj", "{F40BF03B-5FFD-4471-AF54-296B2251811B}"
EndProject
Project("{FAE04EC0-301F-11D3-BF4B-00C04F79EFBC}") = "Common.Persistence.NoSQL", "src\modules\_common\Common.Persistence.NoSQL\Common.Persistence.NoSQL.csproj", "{6CBE1F39-E15C-4FB7-ABA5-21BB11533877}"
EndProject
Project("{2150E333-8FDC-42A3-9474-1A3956D46DE8}") = "blazor", "blazor", "{2E4B50B5-A595-4DF6-A966-64E08902D453}"
EndProject
Project("{2150E333-8FDC-42A3-9474-1A3956D46DE8}") = "angular", "angular", "{19045698-9F82-45A6-8D53-449C5BE24B52}"
EndProject
Project("{FAE04EC0-301F-11D3-BF4B-00C04F79EFBC}") = "Apps.CMS", "src\apps\blazor\Apps.CMS\Apps.CMS.csproj", "{42C2A6F3-69DE-436F-8510-F4CDA41C430C}"
EndProject
Project("{2150E333-8FDC-42A3-9474-1A3956D46DE8}") = "api-gateway", "api-gateway", "{CF084D37-D7BA-40D3-BCD7-858DA50EF5D2}"
EndProject
Project("{2150E333-8FDC-42A3-9474-1A3956D46DE8}") = "oauth-server", "oauth-server", "{F2AB9310-34E5-479D-8A3C-7B761BC05E0A}"
EndProject
Project("{2150E333-8FDC-42A3-9474-1A3956D46DE8}") = "test", "test", "{36FD1E11-FA04-4EAD-A84D-2DF6195ACBD7}"
EndProject
Global
	GlobalSection(SolutionConfigurationPlatforms) = preSolution
		Debug|Any CPU = Debug|Any CPU
		Release|Any CPU = Release|Any CPU
	EndGlobalSection
	GlobalSection(ProjectConfigurationPlatforms) = postSolution
		{C2BE0482-3632-48C3-9BFB-F0E1E4E5C9F9}.Debug|Any CPU.ActiveCfg = Debug|Any CPU
		{C2BE0482-3632-48C3-9BFB-F0E1E4E5C9F9}.Debug|Any CPU.Build.0 = Debug|Any CPU
		{C2BE0482-3632-48C3-9BFB-F0E1E4E5C9F9}.Release|Any CPU.ActiveCfg = Release|Any CPU
		{C2BE0482-3632-48C3-9BFB-F0E1E4E5C9F9}.Release|Any CPU.Build.0 = Release|Any CPU
		{A95C3813-F514-45D8-9A12-CEECE9B419E8}.Debug|Any CPU.ActiveCfg = Debug|Any CPU
		{A95C3813-F514-45D8-9A12-CEECE9B419E8}.Debug|Any CPU.Build.0 = Debug|Any CPU
		{A95C3813-F514-45D8-9A12-CEECE9B419E8}.Release|Any CPU.ActiveCfg = Release|Any CPU
		{A95C3813-F514-45D8-9A12-CEECE9B419E8}.Release|Any CPU.Build.0 = Release|Any CPU
		{29854FBC-2A54-47A6-B513-56A5D069554E}.Debug|Any CPU.ActiveCfg = Debug|Any CPU
		{29854FBC-2A54-47A6-B513-56A5D069554E}.Debug|Any CPU.Build.0 = Debug|Any CPU
		{29854FBC-2A54-47A6-B513-56A5D069554E}.Release|Any CPU.ActiveCfg = Release|Any CPU
		{29854FBC-2A54-47A6-B513-56A5D069554E}.Release|Any CPU.Build.0 = Release|Any CPU
		{B1707C59-CCA9-4624-A72D-AE8D5E426886}.Debug|Any CPU.ActiveCfg = Debug|Any CPU
		{B1707C59-CCA9-4624-A72D-AE8D5E426886}.Debug|Any CPU.Build.0 = Debug|Any CPU
		{B1707C59-CCA9-4624-A72D-AE8D5E426886}.Release|Any CPU.ActiveCfg = Release|Any CPU
		{B1707C59-CCA9-4624-A72D-AE8D5E426886}.Release|Any CPU.Build.0 = Release|Any CPU
		{FDD494C0-D5EF-4BF8-8CCC-864DDFB43227}.Debug|Any CPU.ActiveCfg = Debug|Any CPU
		{FDD494C0-D5EF-4BF8-8CCC-864DDFB43227}.Debug|Any CPU.Build.0 = Debug|Any CPU
		{FDD494C0-D5EF-4BF8-8CCC-864DDFB43227}.Release|Any CPU.ActiveCfg = Release|Any CPU
		{FDD494C0-D5EF-4BF8-8CCC-864DDFB43227}.Release|Any CPU.Build.0 = Release|Any CPU
		{846DFB0C-3A14-48E5-88B4-45AE21C75A03}.Debug|Any CPU.ActiveCfg = Debug|Any CPU
		{846DFB0C-3A14-48E5-88B4-45AE21C75A03}.Debug|Any CPU.Build.0 = Debug|Any CPU
		{846DFB0C-3A14-48E5-88B4-45AE21C75A03}.Release|Any CPU.ActiveCfg = Release|Any CPU
		{846DFB0C-3A14-48E5-88B4-45AE21C75A03}.Release|Any CPU.Build.0 = Release|Any CPU
		{1A6C0F00-A430-435B-87D3-B01B4A00DFF9}.Debug|Any CPU.ActiveCfg = Debug|Any CPU
		{1A6C0F00-A430-435B-87D3-B01B4A00DFF9}.Debug|Any CPU.Build.0 = Debug|Any CPU
		{1A6C0F00-A430-435B-87D3-B01B4A00DFF9}.Release|Any CPU.ActiveCfg = Release|Any CPU
		{1A6C0F00-A430-435B-87D3-B01B4A00DFF9}.Release|Any CPU.Build.0 = Release|Any CPU
		{5F40D67B-66A3-4F70-B739-CA36C6E9AD76}.Debug|Any CPU.ActiveCfg = Debug|Any CPU
		{5F40D67B-66A3-4F70-B739-CA36C6E9AD76}.Debug|Any CPU.Build.0 = Debug|Any CPU
		{5F40D67B-66A3-4F70-B739-CA36C6E9AD76}.Release|Any CPU.ActiveCfg = Release|Any CPU
		{5F40D67B-66A3-4F70-B739-CA36C6E9AD76}.Release|Any CPU.Build.0 = Release|Any CPU
		{55E6923A-388A-4945-9E72-1C527BEB0185}.Debug|Any CPU.ActiveCfg = Debug|Any CPU
		{55E6923A-388A-4945-9E72-1C527BEB0185}.Debug|Any CPU.Build.0 = Debug|Any CPU
		{55E6923A-388A-4945-9E72-1C527BEB0185}.Release|Any CPU.ActiveCfg = Release|Any CPU
		{55E6923A-388A-4945-9E72-1C527BEB0185}.Release|Any CPU.Build.0 = Release|Any CPU
		{5A201481-16A1-4849-A490-DCD77BD64F74}.Debug|Any CPU.ActiveCfg = Debug|Any CPU
		{5A201481-16A1-4849-A490-DCD77BD64F74}.Debug|Any CPU.Build.0 = Debug|Any CPU
		{5A201481-16A1-4849-A490-DCD77BD64F74}.Release|Any CPU.ActiveCfg = Release|Any CPU
		{5A201481-16A1-4849-A490-DCD77BD64F74}.Release|Any CPU.Build.0 = Release|Any CPU
		{3D2BC819-8C05-4261-9DA6-F0F5D53BD51C}.Debug|Any CPU.ActiveCfg = Debug|Any CPU
		{3D2BC819-8C05-4261-9DA6-F0F5D53BD51C}.Debug|Any CPU.Build.0 = Debug|Any CPU
		{3D2BC819-8C05-4261-9DA6-F0F5D53BD51C}.Release|Any CPU.ActiveCfg = Release|Any CPU
		{3D2BC819-8C05-4261-9DA6-F0F5D53BD51C}.Release|Any CPU.Build.0 = Release|Any CPU
		{32D9C19D-1964-4C52-BB58-33D1B38AB98A}.Debug|Any CPU.ActiveCfg = Debug|Any CPU
		{32D9C19D-1964-4C52-BB58-33D1B38AB98A}.Debug|Any CPU.Build.0 = Debug|Any CPU
		{32D9C19D-1964-4C52-BB58-33D1B38AB98A}.Release|Any CPU.ActiveCfg = Release|Any CPU
		{32D9C19D-1964-4C52-BB58-33D1B38AB98A}.Release|Any CPU.Build.0 = Release|Any CPU
		{4BB7B60B-4176-4D47-9EAF-B9A51372C5EB}.Debug|Any CPU.ActiveCfg = Debug|Any CPU
		{4BB7B60B-4176-4D47-9EAF-B9A51372C5EB}.Debug|Any CPU.Build.0 = Debug|Any CPU
		{4BB7B60B-4176-4D47-9EAF-B9A51372C5EB}.Release|Any CPU.ActiveCfg = Release|Any CPU
		{4BB7B60B-4176-4D47-9EAF-B9A51372C5EB}.Release|Any CPU.Build.0 = Release|Any CPU
		{F40BF03B-5FFD-4471-AF54-296B2251811B}.Debug|Any CPU.ActiveCfg = Debug|Any CPU
		{F40BF03B-5FFD-4471-AF54-296B2251811B}.Debug|Any CPU.Build.0 = Debug|Any CPU
		{F40BF03B-5FFD-4471-AF54-296B2251811B}.Release|Any CPU.ActiveCfg = Release|Any CPU
		{F40BF03B-5FFD-4471-AF54-296B2251811B}.Release|Any CPU.Build.0 = Release|Any CPU
		{6CBE1F39-E15C-4FB7-ABA5-21BB11533877}.Debug|Any CPU.ActiveCfg = Debug|Any CPU
		{6CBE1F39-E15C-4FB7-ABA5-21BB11533877}.Debug|Any CPU.Build.0 = Debug|Any CPU
		{6CBE1F39-E15C-4FB7-ABA5-21BB11533877}.Release|Any CPU.ActiveCfg = Release|Any CPU
		{6CBE1F39-E15C-4FB7-ABA5-21BB11533877}.Release|Any CPU.Build.0 = Release|Any CPU
		{42C2A6F3-69DE-436F-8510-F4CDA41C430C}.Debug|Any CPU.ActiveCfg = Debug|Any CPU
		{42C2A6F3-69DE-436F-8510-F4CDA41C430C}.Debug|Any CPU.Build.0 = Debug|Any CPU
		{42C2A6F3-69DE-436F-8510-F4CDA41C430C}.Release|Any CPU.ActiveCfg = Release|Any CPU
		{42C2A6F3-69DE-436F-8510-F4CDA41C430C}.Release|Any CPU.Build.0 = Release|Any CPU
	EndGlobalSection
	GlobalSection(SolutionProperties) = preSolution
		HideSolutionNode = FALSE
	EndGlobalSection
	GlobalSection(NestedProjects) = preSolution
		{6746EFD2-1455-45F8-A61B-1A067B0624ED} = {0D25E81D-AD2F-4AF1-813B-D40C51213E29}
		{230288F2-67EF-45E1-8EAA-3B8443AA0347} = {0D25E81D-AD2F-4AF1-813B-D40C51213E29}
		{137D9DC5-9E4F-4B1B-8278-FB8684E9A44D} = {0D25E81D-AD2F-4AF1-813B-D40C51213E29}
		{411B3148-7946-43B9-ACE4-B90448F08332} = {230288F2-67EF-45E1-8EAA-3B8443AA0347}
		{C6B683A1-FDFE-4EB2-82AD-61034AB386E2} = {230288F2-67EF-45E1-8EAA-3B8443AA0347}
		{A95C3813-F514-45D8-9A12-CEECE9B419E8} = {C6B683A1-FDFE-4EB2-82AD-61034AB386E2}
		{29854FBC-2A54-47A6-B513-56A5D069554E} = {C6B683A1-FDFE-4EB2-82AD-61034AB386E2}
		{B1707C59-CCA9-4624-A72D-AE8D5E426886} = {C6B683A1-FDFE-4EB2-82AD-61034AB386E2}
		{FDD494C0-D5EF-4BF8-8CCC-864DDFB43227} = {C6B683A1-FDFE-4EB2-82AD-61034AB386E2}
		{846DFB0C-3A14-48E5-88B4-45AE21C75A03} = {C6B683A1-FDFE-4EB2-82AD-61034AB386E2}
		{32D9C19D-1964-4C52-BB58-33D1B38AB98A} = {411B3148-7946-43B9-ACE4-B90448F08332}
		{4BB7B60B-4176-4D47-9EAF-B9A51372C5EB} = {411B3148-7946-43B9-ACE4-B90448F08332}
		{F40BF03B-5FFD-4471-AF54-296B2251811B} = {411B3148-7946-43B9-ACE4-B90448F08332}
		{6CBE1F39-E15C-4FB7-ABA5-21BB11533877} = {411B3148-7946-43B9-ACE4-B90448F08332}
		{2E4B50B5-A595-4DF6-A966-64E08902D453} = {137D9DC5-9E4F-4B1B-8278-FB8684E9A44D}
		{19045698-9F82-45A6-8D53-449C5BE24B52} = {137D9DC5-9E4F-4B1B-8278-FB8684E9A44D}
		{42C2A6F3-69DE-436F-8510-F4CDA41C430C} = {2E4B50B5-A595-4DF6-A966-64E08902D453}
		{CF084D37-D7BA-40D3-BCD7-858DA50EF5D2} = {6746EFD2-1455-45F8-A61B-1A067B0624ED}
		{F2AB9310-34E5-479D-8A3C-7B761BC05E0A} = {6746EFD2-1455-45F8-A61B-1A067B0624ED}
		{C2BE0482-3632-48C3-9BFB-F0E1E4E5C9F9} = {CF084D37-D7BA-40D3-BCD7-858DA50EF5D2}
	EndGlobalSection
EndGlobal
